
Microsoft Visual Studio Solution File, Format Version 12.00
# Visual Studio Version 16
VisualStudioVersion = 25.0.1706.4
MinimumVisualStudioVersion = 10.0.40219.1
Project("{FAE04EC0-301F-11D3-BF4B-00C04F79EFBC}") = "cake", "cake\cake.csproj", "{03D13CE2-A16C-4AA6-B763-1B0263CECF22}"
EndProject
Global
	GlobalSection(SolutionConfigurationPlatforms) = preSolution
		Debug|Any CPU = Debug|Any CPU
		Release|Any CPU = Release|Any CPU
	EndGlobalSection
	GlobalSection(ProjectConfigurationPlatforms) = postSolution
		{03D13CE2-A16C-4AA6-B763-1B0263CECF22}.Debug|Any CPU.ActiveCfg = Debug|Any CPU
		{03D13CE2-A16C-4AA6-B763-1B0263CECF22}.Debug|Any CPU.Build.0 = Debug|Any CPU
		{03D13CE2-A16C-4AA6-B763-1B0263CECF22}.Release|Any CPU.ActiveCfg = Release|Any CPU
		{03D13CE2-A16C-4AA6-B763-1B0263CECF22}.Release|Any CPU.Build.0 = Release|Any CPU
	EndGlobalSection
	GlobalSection(SolutionProperties) = preSolution
		HideSolutionNode = FALSE
	EndGlobalSection
	GlobalSection(ExtensibilityGlobals) = postSolution
		SolutionGuid = {87CA1208-6E9C-4A0D-A41F-44F530CCA8CC}
	EndGlobalSection
EndGlobal
